
Microsoft Visual Studio Solution File, Format Version 12.00
# Visual Studio Version 17
VisualStudioVersion = 17.14.36804.6 d17.14
MinimumVisualStudioVersion = 10.0.40219.1
Project("{FAE04EC0-301F-11D3-BF4B-00C04F79EFBC}") = "CleanArchitecture.Mrp.Domain", "CleanArchitecture.Mrp.Domain\CleanArchitecture.Mrp.Domain.csproj", "{149812BE-E230-4C2B-846F-01DDF44029BD}"
EndProject
Project("{FAE04EC0-301F-11D3-BF4B-00C04F79EFBC}") = "CleanArchitecture.Mrp.Application", "CleanArchitecture.Mrp.Application\CleanArchitecture.Mrp.Application.csproj", "{8B278F90-9F09-4572-A14B-3CD2669D8ED8}"
EndProject
Project("{FAE04EC0-301F-11D3-BF4B-00C04F79EFBC}") = "CleanArchitecture.Mrp.Infrastructure", "CleanArchitecture.Mrp.Infrastructure\CleanArchitecture.Mrp.Infrastructure.csproj", "{DD5630FB-DF15-4D45-933F-7E4CFF1F28A7}"
EndProject
Project("{FAE04EC0-301F-11D3-BF4B-00C04F79EFBC}") = "CleanArchitecture.Mrp.Api", "CleanArchitecture.Mrp.Api\CleanArchitecture.Mrp.Api.csproj", "{B87755F3-904E-4BBE-A253-F54D1E6F5F05}"
EndProject
Global
	GlobalSection(SolutionConfigurationPlatforms) = preSolution
		Debug|Any CPU = Debug|Any CPU
		Release|Any CPU = Release|Any CPU
	EndGlobalSection
	GlobalSection(ProjectConfigurationPlatforms) = postSolution
		{149812BE-E230-4C2B-846F-01DDF44029BD}.Debug|Any CPU.ActiveCfg = Debug|Any CPU
		{149812BE-E230-4C2B-846F-01DDF44029BD}.Debug|Any CPU.Build.0 = Debug|Any CPU
		{149812BE-E230-4C2B-846F-01DDF44029BD}.Release|Any CPU.ActiveCfg = Release|Any CPU
		{149812BE-E230-4C2B-846F-01DDF44029BD}.Release|Any CPU.Build.0 = Release|Any CPU
		{8B278F90-9F09-4572-A14B-3CD2669D8ED8}.Debug|Any CPU.ActiveCfg = Debug|Any CPU
		{8B278F90-9F09-4572-A14B-3CD2669D8ED8}.Debug|Any CPU.Build.0 = Debug|Any CPU
		{8B278F90-9F09-4572-A14B-3CD2669D8ED8}.Release|Any CPU.ActiveCfg = Release|Any CPU
		{8B278F90-9F09-4572-A14B-3CD2669D8ED8}.Release|Any CPU.Build.0 = Release|Any CPU
		{DD5630FB-DF15-4D45-933F-7E4CFF1F28A7}.Debug|Any CPU.ActiveCfg = Debug|Any CPU
		{DD5630FB-DF15-4D45-933F-7E4CFF1F28A7}.Debug|Any CPU.Build.0 = Debug|Any CPU
		{DD5630FB-DF15-4D45-933F-7E4CFF1F28A7}.Release|Any CPU.ActiveCfg = Release|Any CPU
		{DD5630FB-DF15-4D45-933F-7E4CFF1F28A7}.Release|Any CPU.Build.0 = Release|Any CPU
		{B87755F3-904E-4BBE-A253-F54D1E6F5F05}.Debug|Any CPU.ActiveCfg = Debug|Any CPU
		{B87755F3-904E-4BBE-A253-F54D1E6F5F05}.Debug|Any CPU.Build.0 = Debug|Any CPU
		{B87755F3-904E-4BBE-A253-F54D1E6F5F05}.Release|Any CPU.ActiveCfg = Release|Any CPU
		{B87755F3-904E-4BBE-A253-F54D1E6F5F05}.Release|Any CPU.Build.0 = Release|Any CPU
	EndGlobalSection
	GlobalSection(SolutionProperties) = preSolution
		HideSolutionNode = FALSE
	EndGlobalSection
	GlobalSection(ExtensibilityGlobals) = postSolution
		SolutionGuid = {825C72A4-0E7D-416E-BD95-F5F13FB1355B}
	EndGlobalSection
EndGlobal
